
Microsoft Visual Studio Solution File, Format Version 12.00
# Visual Studio 15
VisualStudioVersion = 15.0.28307.1145
MinimumVisualStudioVersion = 10.0.40219.1
Project("{FAE04EC0-301F-11D3-BF4B-00C04F79EFBC}") = "MainPST", "MainPST\MainPST.csproj", "{F970517A-4849-4B70-9883-3019B600541E}"
EndProject
Project("{FAE04EC0-301F-11D3-BF4B-00C04F79EFBC}") = "Person_", "Person\Person_.csproj", "{9CD4C732-961B-4052-9C2C-A576B6DA8535}"
EndProject
Project("{FAE04EC0-301F-11D3-BF4B-00C04F79EFBC}") = "Student_", "Student\Student_.csproj", "{7B468E53-09C6-4176-8D35-C6CC75163A87}"
EndProject
Project("{FAE04EC0-301F-11D3-BF4B-00C04F79EFBC}") = "Teacher_", "Teacher\Teacher_.csproj", "{E0940D3C-6BAE-41C6-A519-751C166F71C8}"
EndProject
Project("{FAE04EC0-301F-11D3-BF4B-00C04F79EFBC}") = "StudentWithAdvisor_", "StudentWithAdvisor\StudentWithAdvisor_.csproj", "{40A1B87F-C3E3-4689-A7F7-9ECF1B01C1E3}"
EndProject
Global
	GlobalSection(SolutionConfigurationPlatforms) = preSolution
		Debug|Any CPU = Debug|Any CPU
		Release|Any CPU = Release|Any CPU
	EndGlobalSection
	GlobalSection(ProjectConfigurationPlatforms) = postSolution
		{F970517A-4849-4B70-9883-3019B600541E}.Debug|Any CPU.ActiveCfg = Debug|Any CPU
		{F970517A-4849-4B70-9883-3019B600541E}.Debug|Any CPU.Build.0 = Debug|Any CPU
		{F970517A-4849-4B70-9883-3019B600541E}.Release|Any CPU.ActiveCfg = Release|Any CPU
		{F970517A-4849-4B70-9883-3019B600541E}.Release|Any CPU.Build.0 = Release|Any CPU
		{9CD4C732-961B-4052-9C2C-A576B6DA8535}.Debug|Any CPU.ActiveCfg = Debug|Any CPU
		{9CD4C732-961B-4052-9C2C-A576B6DA8535}.Debug|Any CPU.Build.0 = Debug|Any CPU
		{9CD4C732-961B-4052-9C2C-A576B6DA8535}.Release|Any CPU.ActiveCfg = Release|Any CPU
		{9CD4C732-961B-4052-9C2C-A576B6DA8535}.Release|Any CPU.Build.0 = Release|Any CPU
		{7B468E53-09C6-4176-8D35-C6CC75163A87}.Debug|Any CPU.ActiveCfg = Debug|Any CPU
		{7B468E53-09C6-4176-8D35-C6CC75163A87}.Debug|Any CPU.Build.0 = Debug|Any CPU
		{7B468E53-09C6-4176-8D35-C6CC75163A87}.Release|Any CPU.ActiveCfg = Release|Any CPU
		{7B468E53-09C6-4176-8D35-C6CC75163A87}.Release|Any CPU.Build.0 = Release|Any CPU
		{E0940D3C-6BAE-41C6-A519-751C166F71C8}.Debug|Any CPU.ActiveCfg = Debug|Any CPU
		{E0940D3C-6BAE-41C6-A519-751C166F71C8}.Debug|Any CPU.Build.0 = Debug|Any CPU
		{E0940D3C-6BAE-41C6-A519-751C166F71C8}.Release|Any CPU.ActiveCfg = Release|Any CPU
		{E0940D3C-6BAE-41C6-A519-751C166F71C8}.Release|Any CPU.Build.0 = Release|Any CPU
		{40A1B87F-C3E3-4689-A7F7-9ECF1B01C1E3}.Debug|Any CPU.ActiveCfg = Debug|Any CPU
		{40A1B87F-C3E3-4689-A7F7-9ECF1B01C1E3}.Debug|Any CPU.Build.0 = Debug|Any CPU
		{40A1B87F-C3E3-4689-A7F7-9ECF1B01C1E3}.Release|Any CPU.ActiveCfg = Release|Any CPU
		{40A1B87F-C3E3-4689-A7F7-9ECF1B01C1E3}.Release|Any CPU.Build.0 = Release|Any CPU
	EndGlobalSection
	GlobalSection(SolutionProperties) = preSolution
		HideSolutionNode = FALSE
	EndGlobalSection
	GlobalSection(ExtensibilityGlobals) = postSolution
		SolutionGuid = {F28A784A-EF5C-4239-9543-EEA4A808A780}
	EndGlobalSection
EndGlobal
